// !$*UTF8*$!
{
	archiveVersion = 1;
	classes = {
	};
	objectVersion = 55;
	objects = {

/* Begin PBXBuildFile section */
		6D239A252A9EB4BF00B62528 /* AppDelegate.swift in Sources */ = {isa = PBXBuildFile; fileRef = 6D239A242A9EB4BF00B62528 /* AppDelegate.swift */; };
		6D239A272A9EB4BF00B62528 /* SceneDelegate.swift in Sources */ = {isa = PBXBuildFile; fileRef = 6D239A262A9EB4BF00B62528 /* SceneDelegate.swift */; };
		6D239A292A9EB4BF00B62528 /* WeatherViewController.swift in Sources */ = {isa = PBXBuildFile; fileRef = 6D239A282A9EB4BF00B62528 /* WeatherViewController.swift */; };
		6D239A2C2A9EB4BF00B62528 /* Main.storyboard in Resources */ = {isa = PBXBuildFile; fileRef = 6D239A2A2A9EB4BF00B62528 /* Main.storyboard */; };
		6D239A2E2A9EB4C200B62528 /* Assets.xcassets in Resources */ = {isa = PBXBuildFile; fileRef = 6D239A2D2A9EB4C200B62528 /* Assets.xcassets */; };
		6D239A312A9EB4C200B62528 /* LaunchScreen.storyboard in Resources */ = {isa = PBXBuildFile; fileRef = 6D239A2F2A9EB4C200B62528 /* LaunchScreen.storyboard */; };
		6D239A3E2A9EB84E00B62528 /* PixeloidSans-Bold.ttf in Resources */ = {isa = PBXBuildFile; fileRef = 6D239A3C2A9EB84E00B62528 /* PixeloidSans-Bold.ttf */; };
		6D239A3F2A9EB84E00B62528 /* PixeloidSans.ttf in Resources */ = {isa = PBXBuildFile; fileRef = 6D239A3D2A9EB84E00B62528 /* PixeloidSans.ttf */; };
		6D3543AC2AE64DCD00008D35 /* WeatherVisualRepresentation.swift in Sources */ = {isa = PBXBuildFile; fileRef = 6D3543AB2AE64DCD00008D35 /* WeatherVisualRepresentation.swift */; };
		6D612A1A2B77706A00F7F0FB /* LocationManager.swift in Sources */ = {isa = PBXBuildFile; fileRef = 6D612A192B77706900F7F0FB /* LocationManager.swift */; };
		6D8509C22AAEE25000BB2326 /* WeatherManager.swift in Sources */ = {isa = PBXBuildFile; fileRef = 6D8509C12AAEE25000BB2326 /* WeatherManager.swift */; };
		6D8509C42AAEE28F00BB2326 /* WeatherModel.swift in Sources */ = {isa = PBXBuildFile; fileRef = 6D8509C32AAEE28F00BB2326 /* WeatherModel.swift */; };
		6D8509C62AAEE2D400BB2326 /* WeatherData.swift in Sources */ = {isa = PBXBuildFile; fileRef = 6D8509C52AAEE2D400BB2326 /* WeatherData.swift */; };
		6D8509CE2AB5DF7000BB2326 /* DailyForecastCell.swift in Sources */ = {isa = PBXBuildFile; fileRef = 6D8509CD2AB5DF7000BB2326 /* DailyForecastCell.swift */; };
		6D8509D02AB5DF9100BB2326 /* HourlyForecastCell.swift in Sources */ = {isa = PBXBuildFile; fileRef = 6D8509CF2AB5DF9100BB2326 /* HourlyForecastCell.swift */; };
		6D8509DD2ABAC56000BB2326 /* .gitignore in Resources */ = {isa = PBXBuildFile; fileRef = 6D8509DC2ABAC56000BB2326 /* .gitignore */; };
		6D8509DF2ABB1F3A00BB2326 /* WeatherURLBuilder.swift in Sources */ = {isa = PBXBuildFile; fileRef = 6D8509DE2ABB1F3A00BB2326 /* WeatherURLBuilder.swift */; };
		6D8509E22ABB1F7400BB2326 /* WeatherNetworkService.swift in Sources */ = {isa = PBXBuildFile; fileRef = 6D8509E12ABB1F7400BB2326 /* WeatherNetworkService.swift */; };
		6D8509E42ABB1F9200BB2326 /* WeatherJSONParser.swift in Sources */ = {isa = PBXBuildFile; fileRef = 6D8509E32ABB1F9200BB2326 /* WeatherJSONParser.swift */; };
		6D8509EA2ABB260800BB2326 /* HourForecast.swift in Sources */ = {isa = PBXBuildFile; fileRef = 6D8509E92ABB260800BB2326 /* HourForecast.swift */; };
		6D8509EC2ABB261B00BB2326 /* DayForecast.swift in Sources */ = {isa = PBXBuildFile; fileRef = 6D8509EB2ABB261B00BB2326 /* DayForecast.swift */; };
		6D8509EE2ABBFB7600BB2326 /* ErrorEnums.swift in Sources */ = {isa = PBXBuildFile; fileRef = 6D8509ED2ABBFB7500BB2326 /* ErrorEnums.swift */; };
		6D8509F02ABC22E900BB2326 /* AlertUtility.swift in Sources */ = {isa = PBXBuildFile; fileRef = 6D8509EF2ABC22E900BB2326 /* AlertUtility.swift */; };
		6D8509F42ABD080600BB2326 /* WeatherViewController+CollectionView.swift in Sources */ = {isa = PBXBuildFile; fileRef = 6D8509F32ABD080600BB2326 /* WeatherViewController+CollectionView.swift */; };
		6D9CF0EB2B3FC21800661641 /* KeychainSwiftDistrib.swift in Sources */ = {isa = PBXBuildFile; fileRef = 6D9CF0EA2B3FC21700661641 /* KeychainSwiftDistrib.swift */; };
		6D9CF0ED2B45918400661641 /* KeychainService.swift in Sources */ = {isa = PBXBuildFile; fileRef = 6D9CF0EC2B45918400661641 /* KeychainService.swift */; };
		6DD0DCED2ABE69A2004A317B /* WeatherCondition.swift in Sources */ = {isa = PBXBuildFile; fileRef = 6DD0DCEC2ABE69A2004A317B /* WeatherCondition.swift */; };
		6DD0DCEF2ABEB630004A317B /* WeatherViewControllerFactory.swift in Sources */ = {isa = PBXBuildFile; fileRef = 6DD0DCEE2ABEB630004A317B /* WeatherViewControllerFactory.swift */; };
		6DD0DCF12ABEF7C6004A317B /* TemperatureFormatter.swift in Sources */ = {isa = PBXBuildFile; fileRef = 6DD0DCF02ABEF7C6004A317B /* TemperatureFormatter.swift */; };
		6DE4D46F2B69BE4D00261D49 /* Duck.swift in Sources */ = {isa = PBXBuildFile; fileRef = 6DE4D46E2B69BE4D00261D49 /* Duck.swift */; };
/* End PBXBuildFile section */

/* Begin PBXFileReference section */
		6D239A212A9EB4BF00B62528 /* RetroSky.app */ = {isa = PBXFileReference; explicitFileType = wrapper.application; includeInIndex = 0; path = RetroSky.app; sourceTree = BUILT_PRODUCTS_DIR; };
		6D239A242A9EB4BF00B62528 /* AppDelegate.swift */ = {isa = PBXFileReference; lastKnownFileType = sourcecode.swift; path = AppDelegate.swift; sourceTree = "<group>"; };
		6D239A262A9EB4BF00B62528 /* SceneDelegate.swift */ = {isa = PBXFileReference; lastKnownFileType = sourcecode.swift; path = SceneDelegate.swift; sourceTree = "<group>"; };
		6D239A282A9EB4BF00B62528 /* WeatherViewController.swift */ = {isa = PBXFileReference; lastKnownFileType = sourcecode.swift; path = WeatherViewController.swift; sourceTree = "<group>"; };
		6D239A2B2A9EB4BF00B62528 /* Base */ = {isa = PBXFileReference; lastKnownFileType = file.storyboard; name = Base; path = Base.lproj/Main.storyboard; sourceTree = "<group>"; };
		6D239A2D2A9EB4C200B62528 /* Assets.xcassets */ = {isa = PBXFileReference; lastKnownFileType = folder.assetcatalog; path = Assets.xcassets; sourceTree = "<group>"; };
		6D239A302A9EB4C200B62528 /* Base */ = {isa = PBXFileReference; lastKnownFileType = file.storyboard; name = Base; path = Base.lproj/LaunchScreen.storyboard; sourceTree = "<group>"; };
		6D239A322A9EB4C200B62528 /* Info.plist */ = {isa = PBXFileReference; lastKnownFileType = text.plist.xml; path = Info.plist; sourceTree = "<group>"; };
		6D239A3C2A9EB84E00B62528 /* PixeloidSans-Bold.ttf */ = {isa = PBXFileReference; lastKnownFileType = file; path = "PixeloidSans-Bold.ttf"; sourceTree = "<group>"; };
		6D239A3D2A9EB84E00B62528 /* PixeloidSans.ttf */ = {isa = PBXFileReference; lastKnownFileType = file; path = PixeloidSans.ttf; sourceTree = "<group>"; };
		6D3543AB2AE64DCD00008D35 /* WeatherVisualRepresentation.swift */ = {isa = PBXFileReference; lastKnownFileType = sourcecode.swift; path = WeatherVisualRepresentation.swift; sourceTree = "<group>"; };
		6D612A192B77706900F7F0FB /* LocationManager.swift */ = {isa = PBXFileReference; lastKnownFileType = sourcecode.swift; path = LocationManager.swift; sourceTree = "<group>"; };
		6D8509C12AAEE25000BB2326 /* WeatherManager.swift */ = {isa = PBXFileReference; lastKnownFileType = sourcecode.swift; path = WeatherManager.swift; sourceTree = "<group>"; };
		6D8509C32AAEE28F00BB2326 /* WeatherModel.swift */ = {isa = PBXFileReference; lastKnownFileType = sourcecode.swift; path = WeatherModel.swift; sourceTree = "<group>"; };
		6D8509C52AAEE2D400BB2326 /* WeatherData.swift */ = {isa = PBXFileReference; lastKnownFileType = sourcecode.swift; path = WeatherData.swift; sourceTree = "<group>"; };
		6D8509CD2AB5DF7000BB2326 /* DailyForecastCell.swift */ = {isa = PBXFileReference; lastKnownFileType = sourcecode.swift; path = DailyForecastCell.swift; sourceTree = "<group>"; };
		6D8509CF2AB5DF9100BB2326 /* HourlyForecastCell.swift */ = {isa = PBXFileReference; lastKnownFileType = sourcecode.swift; path = HourlyForecastCell.swift; sourceTree = "<group>"; };
		6D8509DC2ABAC56000BB2326 /* .gitignore */ = {isa = PBXFileReference; fileEncoding = 4; lastKnownFileType = text; path = .gitignore; sourceTree = "<group>"; };
		6D8509DE2ABB1F3A00BB2326 /* WeatherURLBuilder.swift */ = {isa = PBXFileReference; lastKnownFileType = sourcecode.swift; path = WeatherURLBuilder.swift; sourceTree = "<group>"; };
		6D8509E12ABB1F7400BB2326 /* WeatherNetworkService.swift */ = {isa = PBXFileReference; lastKnownFileType = sourcecode.swift; path = WeatherNetworkService.swift; sourceTree = "<group>"; };
		6D8509E32ABB1F9200BB2326 /* WeatherJSONParser.swift */ = {isa = PBXFileReference; lastKnownFileType = sourcecode.swift; path = WeatherJSONParser.swift; sourceTree = "<group>"; };
		6D8509E92ABB260800BB2326 /* HourForecast.swift */ = {isa = PBXFileReference; lastKnownFileType = sourcecode.swift; path = HourForecast.swift; sourceTree = "<group>"; };
		6D8509EB2ABB261B00BB2326 /* DayForecast.swift */ = {isa = PBXFileReference; lastKnownFileType = sourcecode.swift; path = DayForecast.swift; sourceTree = "<group>"; };
		6D8509ED2ABBFB7500BB2326 /* ErrorEnums.swift */ = {isa = PBXFileReference; lastKnownFileType = sourcecode.swift; path = ErrorEnums.swift; sourceTree = "<group>"; };
		6D8509EF2ABC22E900BB2326 /* AlertUtility.swift */ = {isa = PBXFileReference; lastKnownFileType = sourcecode.swift; path = AlertUtility.swift; sourceTree = "<group>"; };
		6D8509F32ABD080600BB2326 /* WeatherViewController+CollectionView.swift */ = {isa = PBXFileReference; lastKnownFileType = sourcecode.swift; path = "WeatherViewController+CollectionView.swift"; sourceTree = "<group>"; };
		6D9CF0EA2B3FC21700661641 /* KeychainSwiftDistrib.swift */ = {isa = PBXFileReference; lastKnownFileType = sourcecode.swift; path = KeychainSwiftDistrib.swift; sourceTree = "<group>"; };
		6D9CF0EC2B45918400661641 /* KeychainService.swift */ = {isa = PBXFileReference; lastKnownFileType = sourcecode.swift; path = KeychainService.swift; sourceTree = "<group>"; };
		6DD0DCEC2ABE69A2004A317B /* WeatherCondition.swift */ = {isa = PBXFileReference; lastKnownFileType = sourcecode.swift; path = WeatherCondition.swift; sourceTree = "<group>"; };
		6DD0DCEE2ABEB630004A317B /* WeatherViewControllerFactory.swift */ = {isa = PBXFileReference; lastKnownFileType = sourcecode.swift; path = WeatherViewControllerFactory.swift; sourceTree = "<group>"; };
		6DD0DCF02ABEF7C6004A317B /* TemperatureFormatter.swift */ = {isa = PBXFileReference; lastKnownFileType = sourcecode.swift; path = TemperatureFormatter.swift; sourceTree = "<group>"; };
		6DE4D46E2B69BE4D00261D49 /* Duck.swift */ = {isa = PBXFileReference; lastKnownFileType = sourcecode.swift; path = Duck.swift; sourceTree = "<group>"; };
/* End PBXFileReference section */

/* Begin PBXFrameworksBuildPhase section */
		6D239A1E2A9EB4BF00B62528 /* Frameworks */ = {
			isa = PBXFrameworksBuildPhase;
			buildActionMask = 2147483647;
			files = (
			);
			runOnlyForDeploymentPostprocessing = 0;
		};
/* End PBXFrameworksBuildPhase section */

/* Begin PBXGroup section */
		6D239A182A9EB4BF00B62528 = {
			isa = PBXGroup;
			children = (
				6D239A232A9EB4BF00B62528 /* RetroSky */,
				6D239A222A9EB4BF00B62528 /* Products */,
			);
			sourceTree = "<group>";
		};
		6D239A222A9EB4BF00B62528 /* Products */ = {
			isa = PBXGroup;
			children = (
				6D239A212A9EB4BF00B62528 /* RetroSky.app */,
			);
			name = Products;
			sourceTree = "<group>";
		};
		6D239A232A9EB4BF00B62528 /* RetroSky */ = {
			isa = PBXGroup;
			children = (
				6D8509E82ABB254F00BB2326 /* Assets */,
				6D8509E72ABB251400BB2326 /* Supporting Files */,
				6D8509E62ABB245100BB2326 /* Services */,
				6D8509E52ABB230600BB2326 /* Utilities */,
				6D239A382A9EB4CD00B62528 /* Model */,
				6D239A392A9EB4D800B62528 /* View */,
				6D239A3A2A9EB4E800B62528 /* Controller */,
			);
			path = RetroSky;
			sourceTree = "<group>";
		};
		6D239A382A9EB4CD00B62528 /* Model */ = {
			isa = PBXGroup;
			children = (
				6D3543AB2AE64DCD00008D35 /* WeatherVisualRepresentation.swift */,
				6D8509C52AAEE2D400BB2326 /* WeatherData.swift */,
				6D8509C32AAEE28F00BB2326 /* WeatherModel.swift */,
				6DD0DCEC2ABE69A2004A317B /* WeatherCondition.swift */,
				6D8509E92ABB260800BB2326 /* HourForecast.swift */,
				6D8509EB2ABB261B00BB2326 /* DayForecast.swift */,
				6DE4D46E2B69BE4D00261D49 /* Duck.swift */,
			);
			path = Model;
			sourceTree = "<group>";
		};
		6D239A392A9EB4D800B62528 /* View */ = {
			isa = PBXGroup;
			children = (
				6D239A2F2A9EB4C200B62528 /* LaunchScreen.storyboard */,
				6D239A2A2A9EB4BF00B62528 /* Main.storyboard */,
				6D8509CD2AB5DF7000BB2326 /* DailyForecastCell.swift */,
				6D8509CF2AB5DF9100BB2326 /* HourlyForecastCell.swift */,
			);
			path = View;
			sourceTree = "<group>";
		};
		6D239A3A2A9EB4E800B62528 /* Controller */ = {
			isa = PBXGroup;
			children = (
				6D239A282A9EB4BF00B62528 /* WeatherViewController.swift */,
				6D8509F32ABD080600BB2326 /* WeatherViewController+CollectionView.swift */,
				6DD0DCEE2ABEB630004A317B /* WeatherViewControllerFactory.swift */,
			);
			path = Controller;
			sourceTree = "<group>";
		};
		6D239A3B2A9EB83700B62528 /* Fonts */ = {
			isa = PBXGroup;
			children = (
				6D239A3C2A9EB84E00B62528 /* PixeloidSans-Bold.ttf */,
				6D239A3D2A9EB84E00B62528 /* PixeloidSans.ttf */,
			);
			path = Fonts;
			sourceTree = "<group>";
		};
		6D8509E52ABB230600BB2326 /* Utilities */ = {
			isa = PBXGroup;
			children = (
				6D8509E32ABB1F9200BB2326 /* WeatherJSONParser.swift */,
				6D8509DE2ABB1F3A00BB2326 /* WeatherURLBuilder.swift */,
				6DD0DCF02ABEF7C6004A317B /* TemperatureFormatter.swift */,
				6D8509EF2ABC22E900BB2326 /* AlertUtility.swift */,
				6D9CF0EA2B3FC21700661641 /* KeychainSwiftDistrib.swift */,
				6D9CF0EC2B45918400661641 /* KeychainService.swift */,
				6D8509C12AAEE25000BB2326 /* WeatherManager.swift */,
				6D612A192B77706900F7F0FB /* LocationManager.swift */,
			);
			path = Utilities;
			sourceTree = "<group>";
		};
		6D8509E62ABB245100BB2326 /* Services */ = {
			isa = PBXGroup;
			children = (
				6D8509E12ABB1F7400BB2326 /* WeatherNetworkService.swift */,
			);
			path = Services;
			sourceTree = "<group>";
		};
		6D8509E72ABB251400BB2326 /* Supporting Files */ = {
			isa = PBXGroup;
			children = (
				6D239A242A9EB4BF00B62528 /* AppDelegate.swift */,
				6D239A262A9EB4BF00B62528 /* SceneDelegate.swift */,
				6D8509ED2ABBFB7500BB2326 /* ErrorEnums.swift */,
				6D239A322A9EB4C200B62528 /* Info.plist */,
				6D8509DC2ABAC56000BB2326 /* .gitignore */,
			);
			path = "Supporting Files";
			sourceTree = "<group>";
		};
		6D8509E82ABB254F00BB2326 /* Assets */ = {
			isa = PBXGroup;
			children = (
				6D239A3B2A9EB83700B62528 /* Fonts */,
				6D239A2D2A9EB4C200B62528 /* Assets.xcassets */,
			);
			path = Assets;
			sourceTree = "<group>";
		};
/* End PBXGroup section */

/* Begin PBXNativeTarget section */
		6D239A202A9EB4BF00B62528 /* RetroSky */ = {
			isa = PBXNativeTarget;
			buildConfigurationList = 6D239A352A9EB4C200B62528 /* Build configuration list for PBXNativeTarget "RetroSky" */;
			buildPhases = (
				6D239A1D2A9EB4BF00B62528 /* Sources */,
				6D239A1E2A9EB4BF00B62528 /* Frameworks */,
				6D239A1F2A9EB4BF00B62528 /* Resources */,
			);
			buildRules = (
			);
			dependencies = (
			);
			name = RetroSky;
			productName = RetroSky;
			productReference = 6D239A212A9EB4BF00B62528 /* RetroSky.app */;
			productType = "com.apple.product-type.application";
		};
/* End PBXNativeTarget section */

/* Begin PBXProject section */
		6D239A192A9EB4BF00B62528 /* Project object */ = {
			isa = PBXProject;
			attributes = {
				BuildIndependentTargetsInParallel = 1;
				LastSwiftUpdateCheck = 1320;
				LastUpgradeCheck = 1500;
				TargetAttributes = {
					6D239A202A9EB4BF00B62528 = {
						CreatedOnToolsVersion = 13.2.1;
					};
				};
			};
			buildConfigurationList = 6D239A1C2A9EB4BF00B62528 /* Build configuration list for PBXProject "RetroSky" */;
			compatibilityVersion = "Xcode 13.0";
			developmentRegion = en;
			hasScannedForEncodings = 0;
			knownRegions = (
				en,
				Base,
			);
			mainGroup = 6D239A182A9EB4BF00B62528;
			productRefGroup = 6D239A222A9EB4BF00B62528 /* Products */;
			projectDirPath = "";
			projectRoot = "";
			targets = (
				6D239A202A9EB4BF00B62528 /* RetroSky */,
			);
		};
/* End PBXProject section */

/* Begin PBXResourcesBuildPhase section */
		6D239A1F2A9EB4BF00B62528 /* Resources */ = {
			isa = PBXResourcesBuildPhase;
			buildActionMask = 2147483647;
			files = (
				6D239A312A9EB4C200B62528 /* LaunchScreen.storyboard in Resources */,
				6D239A2E2A9EB4C200B62528 /* Assets.xcassets in Resources */,
				6D239A3F2A9EB84E00B62528 /* PixeloidSans.ttf in Resources */,
				6D239A3E2A9EB84E00B62528 /* PixeloidSans-Bold.ttf in Resources */,
				6D8509DD2ABAC56000BB2326 /* .gitignore in Resources */,
				6D239A2C2A9EB4BF00B62528 /* Main.storyboard in Resources */,
			);
			runOnlyForDeploymentPostprocessing = 0;
		};
/* End PBXResourcesBuildPhase section */

/* Begin PBXSourcesBuildPhase section */
		6D239A1D2A9EB4BF00B62528 /* Sources */ = {
			isa = PBXSourcesBuildPhase;
			buildActionMask = 2147483647;
			files = (
				6D8509E22ABB1F7400BB2326 /* WeatherNetworkService.swift in Sources */,
				6D8509E42ABB1F9200BB2326 /* WeatherJSONParser.swift in Sources */,
				6D612A1A2B77706A00F7F0FB /* LocationManager.swift in Sources */,
				6DD0DCEF2ABEB630004A317B /* WeatherViewControllerFactory.swift in Sources */,
				6DD0DCF12ABEF7C6004A317B /* TemperatureFormatter.swift in Sources */,
				6D3543AC2AE64DCD00008D35 /* WeatherVisualRepresentation.swift in Sources */,
				6D8509EA2ABB260800BB2326 /* HourForecast.swift in Sources */,
				6D8509D02AB5DF9100BB2326 /* HourlyForecastCell.swift in Sources */,
				6D9CF0ED2B45918400661641 /* KeychainService.swift in Sources */,
				6D9CF0EB2B3FC21800661641 /* KeychainSwiftDistrib.swift in Sources */,
				6D8509F42ABD080600BB2326 /* WeatherViewController+CollectionView.swift in Sources */,
				6DD0DCED2ABE69A2004A317B /* WeatherCondition.swift in Sources */,
				6D8509F02ABC22E900BB2326 /* AlertUtility.swift in Sources */,
				6D239A292A9EB4BF00B62528 /* WeatherViewController.swift in Sources */,
				6D8509EC2ABB261B00BB2326 /* DayForecast.swift in Sources */,
				6D8509CE2AB5DF7000BB2326 /* DailyForecastCell.swift in Sources */,
				6D239A252A9EB4BF00B62528 /* AppDelegate.swift in Sources */,
				6D8509C22AAEE25000BB2326 /* WeatherManager.swift in Sources */,
				6D239A272A9EB4BF00B62528 /* SceneDelegate.swift in Sources */,
				6D8509C62AAEE2D400BB2326 /* WeatherData.swift in Sources */,
				6D8509EE2ABBFB7600BB2326 /* ErrorEnums.swift in Sources */,
				6DE4D46F2B69BE4D00261D49 /* Duck.swift in Sources */,
				6D8509DF2ABB1F3A00BB2326 /* WeatherURLBuilder.swift in Sources */,
				6D8509C42AAEE28F00BB2326 /* WeatherModel.swift in Sources */,
			);
			runOnlyForDeploymentPostprocessing = 0;
		};
/* End PBXSourcesBuildPhase section */

/* Begin PBXVariantGroup section */
		6D239A2A2A9EB4BF00B62528 /* Main.storyboard */ = {
			isa = PBXVariantGroup;
			children = (
				6D239A2B2A9EB4BF00B62528 /* Base */,
			);
			name = Main.storyboard;
			sourceTree = "<group>";
		};
		6D239A2F2A9EB4C200B62528 /* LaunchScreen.storyboard */ = {
			isa = PBXVariantGroup;
			children = (
				6D239A302A9EB4C200B62528 /* Base */,
			);
			name = LaunchScreen.storyboard;
			sourceTree = "<group>";
		};
/* End PBXVariantGroup section */

/* Begin XCBuildConfiguration section */
		6D239A332A9EB4C200B62528 /* Debug */ = {
			isa = XCBuildConfiguration;
			buildSettings = {
				ALWAYS_SEARCH_USER_PATHS = NO;
				CLANG_ANALYZER_NONNULL = YES;
				CLANG_ANALYZER_NUMBER_OBJECT_CONVERSION = YES_AGGRESSIVE;
				CLANG_CXX_LANGUAGE_STANDARD = "gnu++17";
				CLANG_CXX_LIBRARY = "libc++";
				CLANG_ENABLE_MODULES = YES;
				CLANG_ENABLE_OBJC_ARC = YES;
				CLANG_ENABLE_OBJC_WEAK = YES;
				CLANG_WARN_BLOCK_CAPTURE_AUTORELEASING = YES;
				CLANG_WARN_BOOL_CONVERSION = YES;
				CLANG_WARN_COMMA = YES;
				CLANG_WARN_CONSTANT_CONVERSION = YES;
				CLANG_WARN_DEPRECATED_OBJC_IMPLEMENTATIONS = YES;
				CLANG_WARN_DIRECT_OBJC_ISA_USAGE = YES_ERROR;
				CLANG_WARN_DOCUMENTATION_COMMENTS = YES;
				CLANG_WARN_EMPTY_BODY = YES;
				CLANG_WARN_ENUM_CONVERSION = YES;
				CLANG_WARN_INFINITE_RECURSION = YES;
				CLANG_WARN_INT_CONVERSION = YES;
				CLANG_WARN_NON_LITERAL_NULL_CONVERSION = YES;
				CLANG_WARN_OBJC_IMPLICIT_RETAIN_SELF = YES;
				CLANG_WARN_OBJC_LITERAL_CONVERSION = YES;
				CLANG_WARN_OBJC_ROOT_CLASS = YES_ERROR;
				CLANG_WARN_QUOTED_INCLUDE_IN_FRAMEWORK_HEADER = YES;
				CLANG_WARN_RANGE_LOOP_ANALYSIS = YES;
				CLANG_WARN_STRICT_PROTOTYPES = YES;
				CLANG_WARN_SUSPICIOUS_MOVE = YES;
				CLANG_WARN_UNGUARDED_AVAILABILITY = YES_AGGRESSIVE;
				CLANG_WARN_UNREACHABLE_CODE = YES;
				CLANG_WARN__DUPLICATE_METHOD_MATCH = YES;
				COPY_PHASE_STRIP = NO;
				DEBUG_INFORMATION_FORMAT = dwarf;
				ENABLE_STRICT_OBJC_MSGSEND = YES;
				ENABLE_TESTABILITY = YES;
				ENABLE_USER_SCRIPT_SANDBOXING = YES;
				GCC_C_LANGUAGE_STANDARD = gnu11;
				GCC_DYNAMIC_NO_PIC = NO;
				GCC_NO_COMMON_BLOCKS = YES;
				GCC_OPTIMIZATION_LEVEL = 0;
				GCC_PREPROCESSOR_DEFINITIONS = (
					"DEBUG=1",
					"$(inherited)",
				);
				GCC_WARN_64_TO_32_BIT_CONVERSION = YES;
				GCC_WARN_ABOUT_RETURN_TYPE = YES_ERROR;
				GCC_WARN_UNDECLARED_SELECTOR = YES;
				GCC_WARN_UNINITIALIZED_AUTOS = YES_AGGRESSIVE;
				GCC_WARN_UNUSED_FUNCTION = YES;
				GCC_WARN_UNUSED_VARIABLE = YES;
				IPHONEOS_DEPLOYMENT_TARGET = 15.2;
				MTL_ENABLE_DEBUG_INFO = INCLUDE_SOURCE;
				MTL_FAST_MATH = YES;
				ONLY_ACTIVE_ARCH = YES;
				SDKROOT = iphoneos;
				SWIFT_ACTIVE_COMPILATION_CONDITIONS = DEBUG;
				SWIFT_OPTIMIZATION_LEVEL = "-Onone";
			};
			name = Debug;
		};
		6D239A342A9EB4C200B62528 /* Release */ = {
			isa = XCBuildConfiguration;
			buildSettings = {
				ALWAYS_SEARCH_USER_PATHS = NO;
				CLANG_ANALYZER_NONNULL = YES;
				CLANG_ANALYZER_NUMBER_OBJECT_CONVERSION = YES_AGGRESSIVE;
				CLANG_CXX_LANGUAGE_STANDARD = "gnu++17";
				CLANG_CXX_LIBRARY = "libc++";
				CLANG_ENABLE_MODULES = YES;
				CLANG_ENABLE_OBJC_ARC = YES;
				CLANG_ENABLE_OBJC_WEAK = YES;
				CLANG_WARN_BLOCK_CAPTURE_AUTORELEASING = YES;
				CLANG_WARN_BOOL_CONVERSION = YES;
				CLANG_WARN_COMMA = YES;
				CLANG_WARN_CONSTANT_CONVERSION = YES;
				CLANG_WARN_DEPRECATED_OBJC_IMPLEMENTATIONS = YES;
				CLANG_WARN_DIRECT_OBJC_ISA_USAGE = YES_ERROR;
				CLANG_WARN_DOCUMENTATION_COMMENTS = YES;
				CLANG_WARN_EMPTY_BODY = YES;
				CLANG_WARN_ENUM_CONVERSION = YES;
				CLANG_WARN_INFINITE_RECURSION = YES;
				CLANG_WARN_INT_CONVERSION = YES;
				CLANG_WARN_NON_LITERAL_NULL_CONVERSION = YES;
				CLANG_WARN_OBJC_IMPLICIT_RETAIN_SELF = YES;
				CLANG_WARN_OBJC_LITERAL_CONVERSION = YES;
				CLANG_WARN_OBJC_ROOT_CLASS = YES_ERROR;
				CLANG_WARN_QUOTED_INCLUDE_IN_FRAMEWORK_HEADER = YES;
				CLANG_WARN_RANGE_LOOP_ANALYSIS = YES;
				CLANG_WARN_STRICT_PROTOTYPES = YES;
				CLANG_WARN_SUSPICIOUS_MOVE = YES;
				CLANG_WARN_UNGUARDED_AVAILABILITY = YES_AGGRESSIVE;
				CLANG_WARN_UNREACHABLE_CODE = YES;
				CLANG_WARN__DUPLICATE_METHOD_MATCH = YES;
				COPY_PHASE_STRIP = NO;
				DEBUG_INFORMATION_FORMAT = "dwarf-with-dsym";
				ENABLE_NS_ASSERTIONS = NO;
				ENABLE_STRICT_OBJC_MSGSEND = YES;
				ENABLE_USER_SCRIPT_SANDBOXING = YES;
				GCC_C_LANGUAGE_STANDARD = gnu11;
				GCC_NO_COMMON_BLOCKS = YES;
				GCC_WARN_64_TO_32_BIT_CONVERSION = YES;
				GCC_WARN_ABOUT_RETURN_TYPE = YES_ERROR;
				GCC_WARN_UNDECLARED_SELECTOR = YES;
				GCC_WARN_UNINITIALIZED_AUTOS = YES_AGGRESSIVE;
				GCC_WARN_UNUSED_FUNCTION = YES;
				GCC_WARN_UNUSED_VARIABLE = YES;
				IPHONEOS_DEPLOYMENT_TARGET = 15.2;
				MTL_ENABLE_DEBUG_INFO = NO;
				MTL_FAST_MATH = YES;
				SDKROOT = iphoneos;
				SWIFT_COMPILATION_MODE = wholemodule;
				SWIFT_OPTIMIZATION_LEVEL = "-O";
				VALIDATE_PRODUCT = YES;
			};
			name = Release;
		};
		6D239A362A9EB4C200B62528 /* Debug */ = {
			isa = XCBuildConfiguration;
			buildSettings = {
				API_KEY = "";
				ASSETCATALOG_COMPILER_APPICON_NAME = AppIcon;
				ASSETCATALOG_COMPILER_GLOBAL_ACCENT_COLOR_NAME = AccentColor;
				CODE_SIGN_STYLE = Automatic;
				CURRENT_PROJECT_VERSION = 1;
				DEVELOPMENT_TEAM = Y8Q9D3W8E2;
				GENERATE_INFOPLIST_FILE = YES;
				INFOPLIST_FILE = "RetroSky/Supporting Files/Info.plist";
				INFOPLIST_KEY_UIApplicationSupportsIndirectInputEvents = YES;
				INFOPLIST_KEY_UILaunchStoryboardName = LaunchScreen;
				INFOPLIST_KEY_UIMainStoryboardFile = Main;
				INFOPLIST_KEY_UISupportedInterfaceOrientations_iPad = "UIInterfaceOrientationPortrait UIInterfaceOrientationPortraitUpsideDown UIInterfaceOrientationLandscapeLeft UIInterfaceOrientationLandscapeRight";
				INFOPLIST_KEY_UISupportedInterfaceOrientations_iPhone = "UIInterfaceOrientationPortrait UIInterfaceOrientationLandscapeLeft UIInterfaceOrientationLandscapeRight";
				LD_RUNPATH_SEARCH_PATHS = (
					"$(inherited)",
					"@executable_path/Frameworks",
				);
				MARKETING_VERSION = 1.0;
				PRODUCT_BUNDLE_IDENTIFIER = com.lesper.RetroSky;
				PRODUCT_NAME = "$(TARGET_NAME)";
				SWIFT_EMIT_LOC_STRINGS = YES;
				SWIFT_VERSION = 5.0;
				TARGETED_DEVICE_FAMILY = "1,2";
			};
			name = Debug;
		};
		6D239A372A9EB4C200B62528 /* Release */ = {
			isa = XCBuildConfiguration;
			buildSettings = {
				API_KEY = "";
				ASSETCATALOG_COMPILER_APPICON_NAME = AppIcon;
				ASSETCATALOG_COMPILER_GLOBAL_ACCENT_COLOR_NAME = AccentColor;
				CODE_SIGN_STYLE = Automatic;
				CURRENT_PROJECT_VERSION = 1;
				DEVELOPMENT_TEAM = Y8Q9D3W8E2;
				GENERATE_INFOPLIST_FILE = YES;
				INFOPLIST_FILE = "RetroSky/Supporting Files/Info.plist";
				INFOPLIST_KEY_UIApplicationSupportsIndirectInputEvents = YES;
				INFOPLIST_KEY_UILaunchStoryboardName = LaunchScreen;
				INFOPLIST_KEY_UIMainStoryboardFile = Main;
				INFOPLIST_KEY_UISupportedInterfaceOrientations_iPad = "UIInterfaceOrientationPortrait UIInterfaceOrientationPortraitUpsideDown UIInterfaceOrientationLandscapeLeft UIInterfaceOrientationLandscapeRight";
				INFOPLIST_KEY_UISupportedInterfaceOrientations_iPhone = "UIInterfaceOrientationPortrait UIInterfaceOrientationLandscapeLeft UIInterfaceOrientationLandscapeRight";
				LD_RUNPATH_SEARCH_PATHS = (
					"$(inherited)",
					"@executable_path/Frameworks",
				);
				MARKETING_VERSION = 1.0;
				PRODUCT_BUNDLE_IDENTIFIER = com.lesper.RetroSky;
				PRODUCT_NAME = "$(TARGET_NAME)";
				SWIFT_EMIT_LOC_STRINGS = YES;
				SWIFT_VERSION = 5.0;
				TARGETED_DEVICE_FAMILY = "1,2";
			};
			name = Release;
		};
/* End XCBuildConfiguration section */

/* Begin XCConfigurationList section */
		6D239A1C2A9EB4BF00B62528 /* Build configuration list for PBXProject "RetroSky" */ = {
			isa = XCConfigurationList;
			buildConfigurations = (
				6D239A332A9EB4C200B62528 /* Debug */,
				6D239A342A9EB4C200B62528 /* Release */,
			);
			defaultConfigurationIsVisible = 0;
			defaultConfigurationName = Release;
		};
		6D239A352A9EB4C200B62528 /* Build configuration list for PBXNativeTarget "RetroSky" */ = {
			isa = XCConfigurationList;
			buildConfigurations = (
				6D239A362A9EB4C200B62528 /* Debug */,
				6D239A372A9EB4C200B62528 /* Release */,
			);
			defaultConfigurationIsVisible = 0;
			defaultConfigurationName = Release;
		};
/* End XCConfigurationList section */
	};
	rootObject = 6D239A192A9EB4BF00B62528 /* Project object */;
}
